
Microsoft Visual Studio Solution File, Format Version 12.00
# Visual Studio Version 16
VisualStudioVersion = 16.0.30907.101
MinimumVisualStudioVersion = 10.0.40219.1
Project("{FAE04EC0-301F-11D3-BF4B-00C04F79EFBC}") = "WebApplication1", "WebApplication1.csproj", "{52C04DAC-B00B-4B9A-94B9-04AB181DFF6E}"
EndProject
Global
	GlobalSection(SolutionConfigurationPlatforms) = preSolution
		Debug|Any CPU = Debug|Any CPU
		Release|Any CPU = Release|Any CPU
	EndGlobalSection
	GlobalSection(ProjectConfigurationPlatforms) = postSolution
		{52C04DAC-B00B-4B9A-94B9-04AB181DFF6E}.Debug|Any CPU.ActiveCfg = Debug|Any CPU
		{52C04DAC-B00B-4B9A-94B9-04AB181DFF6E}.Debug|Any CPU.Build.0 = Debug|Any CPU
		{52C04DAC-B00B-4B9A-94B9-04AB181DFF6E}.Release|Any CPU.ActiveCfg = Release|Any CPU
		{52C04DAC-B00B-4B9A-94B9-04AB181DFF6E}.Release|Any CPU.Build.0 = Release|Any CPU
	EndGlobalSection
	GlobalSection(SolutionProperties) = preSolution
		HideSolutionNode = FALSE
	EndGlobalSection
	GlobalSection(ExtensibilityGlobals) = postSolution
		SolutionGuid = {533A2E66-1669-4D70-B6B3-03003DF17EF7}
	EndGlobalSection
EndGlobal
